// !$*UTF8*$!
{
	archiveVersion = 1;
	classes = {
	};
	objectVersion = 56;
	objects = {

/* Begin PBXBuildFile section */
		E371D4312AB8C74E00FD59D1 /* AppDelegate.swift in Sources */ = {isa = PBXBuildFile; fileRef = E371D4302AB8C74E00FD59D1 /* AppDelegate.swift */; };
		E371D4332AB8C74E00FD59D1 /* SceneDelegate.swift in Sources */ = {isa = PBXBuildFile; fileRef = E371D4322AB8C74E00FD59D1 /* SceneDelegate.swift */; };
		E371D4382AB8C74E00FD59D1 /* Main.storyboard in Resources */ = {isa = PBXBuildFile; fileRef = E371D4362AB8C74E00FD59D1 /* Main.storyboard */; };
		E371D43A2AB8C75000FD59D1 /* Assets.xcassets in Resources */ = {isa = PBXBuildFile; fileRef = E371D4392AB8C74F00FD59D1 /* Assets.xcassets */; };
		E371D43D2AB8C75000FD59D1 /* LaunchScreen.storyboard in Resources */ = {isa = PBXBuildFile; fileRef = E371D43B2AB8C75000FD59D1 /* LaunchScreen.storyboard */; };
		E371D44B2AB8C7AA00FD59D1 /* NetworkManager.swift in Sources */ = {isa = PBXBuildFile; fileRef = E371D44A2AB8C7AA00FD59D1 /* NetworkManager.swift */; };
		E371D44D2AB8C7BB00FD59D1 /* Country.swift in Sources */ = {isa = PBXBuildFile; fileRef = E371D44C2AB8C7BB00FD59D1 /* Country.swift */; };
		E371D44F2AB8C82700FD59D1 /* CountriesListController.swift in Sources */ = {isa = PBXBuildFile; fileRef = E371D44E2AB8C82700FD59D1 /* CountriesListController.swift */; };
		E371D4522AB8CC7600FD59D1 /* Alamofire in Frameworks */ = {isa = PBXBuildFile; productRef = E371D4512AB8CC7600FD59D1 /* Alamofire */; };
		E371D4552AB8CC8700FD59D1 /* Kingfisher in Frameworks */ = {isa = PBXBuildFile; productRef = E371D4542AB8CC8700FD59D1 /* Kingfisher */; };
		E371D4592AB8D16A00FD59D1 /* CountryCell.swift in Sources */ = {isa = PBXBuildFile; fileRef = E371D4572AB8D16A00FD59D1 /* CountryCell.swift */; };
		E371D45A2AB8D16A00FD59D1 /* CountryCell.xib in Resources */ = {isa = PBXBuildFile; fileRef = E371D4582AB8D16A00FD59D1 /* CountryCell.xib */; };
/* End PBXBuildFile section */

/* Begin PBXFileReference section */
		E371D42D2AB8C74E00FD59D1 /* Countries.app */ = {isa = PBXFileReference; explicitFileType = wrapper.application; includeInIndex = 0; path = Countries.app; sourceTree = BUILT_PRODUCTS_DIR; };
		E371D4302AB8C74E00FD59D1 /* AppDelegate.swift */ = {isa = PBXFileReference; lastKnownFileType = sourcecode.swift; path = AppDelegate.swift; sourceTree = "<group>"; };
		E371D4322AB8C74E00FD59D1 /* SceneDelegate.swift */ = {isa = PBXFileReference; lastKnownFileType = sourcecode.swift; path = SceneDelegate.swift; sourceTree = "<group>"; };
		E371D4372AB8C74E00FD59D1 /* Base */ = {isa = PBXFileReference; lastKnownFileType = file.storyboard; name = Base; path = Base.lproj/Main.storyboard; sourceTree = "<group>"; };
		E371D4392AB8C74F00FD59D1 /* Assets.xcassets */ = {isa = PBXFileReference; lastKnownFileType = folder.assetcatalog; path = Assets.xcassets; sourceTree = "<group>"; };
		E371D43C2AB8C75000FD59D1 /* Base */ = {isa = PBXFileReference; lastKnownFileType = file.storyboard; name = Base; path = Base.lproj/LaunchScreen.storyboard; sourceTree = "<group>"; };
		E371D43E2AB8C75000FD59D1 /* Info.plist */ = {isa = PBXFileReference; lastKnownFileType = text.plist.xml; path = Info.plist; sourceTree = "<group>"; };
		E371D44A2AB8C7AA00FD59D1 /* NetworkManager.swift */ = {isa = PBXFileReference; lastKnownFileType = sourcecode.swift; path = NetworkManager.swift; sourceTree = "<group>"; };
		E371D44C2AB8C7BB00FD59D1 /* Country.swift */ = {isa = PBXFileReference; lastKnownFileType = sourcecode.swift; path = Country.swift; sourceTree = "<group>"; };
		E371D44E2AB8C82700FD59D1 /* CountriesListController.swift */ = {isa = PBXFileReference; lastKnownFileType = sourcecode.swift; path = CountriesListController.swift; sourceTree = "<group>"; };
		E371D4572AB8D16A00FD59D1 /* CountryCell.swift */ = {isa = PBXFileReference; lastKnownFileType = sourcecode.swift; path = CountryCell.swift; sourceTree = "<group>"; };
		E371D4582AB8D16A00FD59D1 /* CountryCell.xib */ = {isa = PBXFileReference; lastKnownFileType = file.xib; path = CountryCell.xib; sourceTree = "<group>"; };
/* End PBXFileReference section */

/* Begin PBXFrameworksBuildPhase section */
		E371D42A2AB8C74E00FD59D1 /* Frameworks */ = {
			isa = PBXFrameworksBuildPhase;
			buildActionMask = 2147483647;
			files = (
				E371D4552AB8CC8700FD59D1 /* Kingfisher in Frameworks */,
				E371D4522AB8CC7600FD59D1 /* Alamofire in Frameworks */,
			);
			runOnlyForDeploymentPostprocessing = 0;
		};
/* End PBXFrameworksBuildPhase section */

/* Begin PBXGroup section */
		E371D4242AB8C74E00FD59D1 = {
			isa = PBXGroup;
			children = (
				E371D42F2AB8C74E00FD59D1 /* Countries */,
				E371D42E2AB8C74E00FD59D1 /* Products */,
			);
			sourceTree = "<group>";
		};
		E371D42E2AB8C74E00FD59D1 /* Products */ = {
			isa = PBXGroup;
			children = (
				E371D42D2AB8C74E00FD59D1 /* Countries.app */,
			);
			name = Products;
			sourceTree = "<group>";
		};
		E371D42F2AB8C74E00FD59D1 /* Countries */ = {
			isa = PBXGroup;
			children = (
				E371D4562AB8D14F00FD59D1 /* Views */,
				E371D4492AB8C79E00FD59D1 /* Model */,
				E371D4482AB8C79300FD59D1 /* Services */,
				E371D4442AB8C75800FD59D1 /* App */,
				E371D4452AB8C77800FD59D1 /* ViewControllers */,
				E371D4462AB8C78300FD59D1 /* Storyboards */,
				E371D4472AB8C78C00FD59D1 /* Resources */,
			);
			path = Countries;
			sourceTree = "<group>";
		};
		E371D4442AB8C75800FD59D1 /* App */ = {
			isa = PBXGroup;
			children = (
				E371D4302AB8C74E00FD59D1 /* AppDelegate.swift */,
				E371D4322AB8C74E00FD59D1 /* SceneDelegate.swift */,
				E371D43E2AB8C75000FD59D1 /* Info.plist */,
			);
			path = App;
			sourceTree = "<group>";
		};
		E371D4452AB8C77800FD59D1 /* ViewControllers */ = {
			isa = PBXGroup;
			children = (
				E371D44E2AB8C82700FD59D1 /* CountriesListController.swift */,
			);
			path = ViewControllers;
			sourceTree = "<group>";
		};
		E371D4462AB8C78300FD59D1 /* Storyboards */ = {
			isa = PBXGroup;
			children = (
				E371D4362AB8C74E00FD59D1 /* Main.storyboard */,
				E371D43B2AB8C75000FD59D1 /* LaunchScreen.storyboard */,
				E371D4582AB8D16A00FD59D1 /* CountryCell.xib */,
			);
			path = Storyboards;
			sourceTree = "<group>";
		};
		E371D4472AB8C78C00FD59D1 /* Resources */ = {
			isa = PBXGroup;
			children = (
				E371D4392AB8C74F00FD59D1 /* Assets.xcassets */,
			);
			path = Resources;
			sourceTree = "<group>";
		};
		E371D4482AB8C79300FD59D1 /* Services */ = {
			isa = PBXGroup;
			children = (
				E371D44A2AB8C7AA00FD59D1 /* NetworkManager.swift */,
			);
			path = Services;
			sourceTree = "<group>";
		};
		E371D4492AB8C79E00FD59D1 /* Model */ = {
			isa = PBXGroup;
			children = (
				E371D44C2AB8C7BB00FD59D1 /* Country.swift */,
			);
			path = Model;
			sourceTree = "<group>";
		};
		E371D4562AB8D14F00FD59D1 /* Views */ = {
			isa = PBXGroup;
			children = (
				E371D4572AB8D16A00FD59D1 /* CountryCell.swift */,
			);
			path = Views;
			sourceTree = "<group>";
		};
/* End PBXGroup section */

/* Begin PBXNativeTarget section */
		E371D42C2AB8C74E00FD59D1 /* Countries */ = {
			isa = PBXNativeTarget;
			buildConfigurationList = E371D4412AB8C75000FD59D1 /* Build configuration list for PBXNativeTarget "Countries" */;
			buildPhases = (
				E371D4292AB8C74E00FD59D1 /* Sources */,
				E371D42A2AB8C74E00FD59D1 /* Frameworks */,
				E371D42B2AB8C74E00FD59D1 /* Resources */,
			);
			buildRules = (
			);
			dependencies = (
			);
			name = Countries;
			packageProductDependencies = (
				E371D4512AB8CC7600FD59D1 /* Alamofire */,
				E371D4542AB8CC8700FD59D1 /* Kingfisher */,
			);
			productName = Countries;
			productReference = E371D42D2AB8C74E00FD59D1 /* Countries.app */;
			productType = "com.apple.product-type.application";
		};
/* End PBXNativeTarget section */

/* Begin PBXProject section */
		E371D4252AB8C74E00FD59D1 /* Project object */ = {
			isa = PBXProject;
			attributes = {
				BuildIndependentTargetsInParallel = 1;
				LastSwiftUpdateCheck = 1430;
				LastUpgradeCheck = 1430;
				TargetAttributes = {
					E371D42C2AB8C74E00FD59D1 = {
						CreatedOnToolsVersion = 14.3.1;
					};
				};
			};
			buildConfigurationList = E371D4282AB8C74E00FD59D1 /* Build configuration list for PBXProject "Countries" */;
			compatibilityVersion = "Xcode 14.0";
			developmentRegion = en;
			hasScannedForEncodings = 0;
			knownRegions = (
				en,
				Base,
			);
			mainGroup = E371D4242AB8C74E00FD59D1;
			packageReferences = (
				E371D4502AB8CC7600FD59D1 /* XCRemoteSwiftPackageReference "Alamofire" */,
				E371D4532AB8CC8700FD59D1 /* XCRemoteSwiftPackageReference "Kingfisher" */,
			);
			productRefGroup = E371D42E2AB8C74E00FD59D1 /* Products */;
			projectDirPath = "";
			projectRoot = "";
			targets = (
				E371D42C2AB8C74E00FD59D1 /* Countries */,
			);
		};
/* End PBXProject section */

/* Begin PBXResourcesBuildPhase section */
		E371D42B2AB8C74E00FD59D1 /* Resources */ = {
			isa = PBXResourcesBuildPhase;
			buildActionMask = 2147483647;
			files = (
				E371D45A2AB8D16A00FD59D1 /* CountryCell.xib in Resources */,
				E371D43D2AB8C75000FD59D1 /* LaunchScreen.storyboard in Resources */,
				E371D43A2AB8C75000FD59D1 /* Assets.xcassets in Resources */,
				E371D4382AB8C74E00FD59D1 /* Main.storyboard in Resources */,
			);
			runOnlyForDeploymentPostprocessing = 0;
		};
/* End PBXResourcesBuildPhase section */

/* Begin PBXSourcesBuildPhase section */
		E371D4292AB8C74E00FD59D1 /* Sources */ = {
			isa = PBXSourcesBuildPhase;
			buildActionMask = 2147483647;
			files = (
				E371D44F2AB8C82700FD59D1 /* CountriesListController.swift in Sources */,
				E371D44B2AB8C7AA00FD59D1 /* NetworkManager.swift in Sources */,
				E371D4592AB8D16A00FD59D1 /* CountryCell.swift in Sources */,
				E371D4312AB8C74E00FD59D1 /* AppDelegate.swift in Sources */,
				E371D44D2AB8C7BB00FD59D1 /* Country.swift in Sources */,
				E371D4332AB8C74E00FD59D1 /* SceneDelegate.swift in Sources */,
			);
			runOnlyForDeploymentPostprocessing = 0;
		};
/* End PBXSourcesBuildPhase section */

/* Begin PBXVariantGroup section */
		E371D4362AB8C74E00FD59D1 /* Main.storyboard */ = {
			isa = PBXVariantGroup;
			children = (
				E371D4372AB8C74E00FD59D1 /* Base */,
			);
			name = Main.storyboard;
			sourceTree = "<group>";
		};
		E371D43B2AB8C75000FD59D1 /* LaunchScreen.storyboard */ = {
			isa = PBXVariantGroup;
			children = (
				E371D43C2AB8C75000FD59D1 /* Base */,
			);
			name = LaunchScreen.storyboard;
			sourceTree = "<group>";
		};
/* End PBXVariantGroup section */

/* Begin XCBuildConfiguration section */
		E371D43F2AB8C75000FD59D1 /* Debug */ = {
			isa = XCBuildConfiguration;
			buildSettings = {
				ALWAYS_SEARCH_USER_PATHS = NO;
				CLANG_ANALYZER_NONNULL = YES;
				CLANG_ANALYZER_NUMBER_OBJECT_CONVERSION = YES_AGGRESSIVE;
				CLANG_CXX_LANGUAGE_STANDARD = "gnu++20";
				CLANG_ENABLE_MODULES = YES;
				CLANG_ENABLE_OBJC_ARC = YES;
				CLANG_ENABLE_OBJC_WEAK = YES;
				CLANG_WARN_BLOCK_CAPTURE_AUTORELEASING = YES;
				CLANG_WARN_BOOL_CONVERSION = YES;
				CLANG_WARN_COMMA = YES;
				CLANG_WARN_CONSTANT_CONVERSION = YES;
				CLANG_WARN_DEPRECATED_OBJC_IMPLEMENTATIONS = YES;
				CLANG_WARN_DIRECT_OBJC_ISA_USAGE = YES_ERROR;
				CLANG_WARN_DOCUMENTATION_COMMENTS = YES;
				CLANG_WARN_EMPTY_BODY = YES;
				CLANG_WARN_ENUM_CONVERSION = YES;
				CLANG_WARN_INFINITE_RECURSION = YES;
				CLANG_WARN_INT_CONVERSION = YES;
				CLANG_WARN_NON_LITERAL_NULL_CONVERSION = YES;
				CLANG_WARN_OBJC_IMPLICIT_RETAIN_SELF = YES;
				CLANG_WARN_OBJC_LITERAL_CONVERSION = YES;
				CLANG_WARN_OBJC_ROOT_CLASS = YES_ERROR;
				CLANG_WARN_QUOTED_INCLUDE_IN_FRAMEWORK_HEADER = YES;
				CLANG_WARN_RANGE_LOOP_ANALYSIS = YES;
				CLANG_WARN_STRICT_PROTOTYPES = YES;
				CLANG_WARN_SUSPICIOUS_MOVE = YES;
				CLANG_WARN_UNGUARDED_AVAILABILITY = YES_AGGRESSIVE;
				CLANG_WARN_UNREACHABLE_CODE = YES;
				CLANG_WARN__DUPLICATE_METHOD_MATCH = YES;
				COPY_PHASE_STRIP = NO;
				DEBUG_INFORMATION_FORMAT = dwarf;
				ENABLE_STRICT_OBJC_MSGSEND = YES;
				ENABLE_TESTABILITY = YES;
				GCC_C_LANGUAGE_STANDARD = gnu11;
				GCC_DYNAMIC_NO_PIC = NO;
				GCC_NO_COMMON_BLOCKS = YES;
				GCC_OPTIMIZATION_LEVEL = 0;
				GCC_PREPROCESSOR_DEFINITIONS = (
					"DEBUG=1",
					"$(inherited)",
				);
				GCC_WARN_64_TO_32_BIT_CONVERSION = YES;
				GCC_WARN_ABOUT_RETURN_TYPE = YES_ERROR;
				GCC_WARN_UNDECLARED_SELECTOR = YES;
				GCC_WARN_UNINITIALIZED_AUTOS = YES_AGGRESSIVE;
				GCC_WARN_UNUSED_FUNCTION = YES;
				GCC_WARN_UNUSED_VARIABLE = YES;
				IPHONEOS_DEPLOYMENT_TARGET = 16.4;
				MTL_ENABLE_DEBUG_INFO = INCLUDE_SOURCE;
				MTL_FAST_MATH = YES;
				ONLY_ACTIVE_ARCH = YES;
				SDKROOT = iphoneos;
				SWIFT_ACTIVE_COMPILATION_CONDITIONS = DEBUG;
				SWIFT_OPTIMIZATION_LEVEL = "-Onone";
			};
			name = Debug;
		};
		E371D4402AB8C75000FD59D1 /* Release */ = {
			isa = XCBuildConfiguration;
			buildSettings = {
				ALWAYS_SEARCH_USER_PATHS = NO;
				CLANG_ANALYZER_NONNULL = YES;
				CLANG_ANALYZER_NUMBER_OBJECT_CONVERSION = YES_AGGRESSIVE;
				CLANG_CXX_LANGUAGE_STANDARD = "gnu++20";
				CLANG_ENABLE_MODULES = YES;
				CLANG_ENABLE_OBJC_ARC = YES;
				CLANG_ENABLE_OBJC_WEAK = YES;
				CLANG_WARN_BLOCK_CAPTURE_AUTORELEASING = YES;
				CLANG_WARN_BOOL_CONVERSION = YES;
				CLANG_WARN_COMMA = YES;
				CLANG_WARN_CONSTANT_CONVERSION = YES;
				CLANG_WARN_DEPRECATED_OBJC_IMPLEMENTATIONS = YES;
				CLANG_WARN_DIRECT_OBJC_ISA_USAGE = YES_ERROR;
				CLANG_WARN_DOCUMENTATION_COMMENTS = YES;
				CLANG_WARN_EMPTY_BODY = YES;
				CLANG_WARN_ENUM_CONVERSION = YES;
				CLANG_WARN_INFINITE_RECURSION = YES;
				CLANG_WARN_INT_CONVERSION = YES;
				CLANG_WARN_NON_LITERAL_NULL_CONVERSION = YES;
				CLANG_WARN_OBJC_IMPLICIT_RETAIN_SELF = YES;
				CLANG_WARN_OBJC_LITERAL_CONVERSION = YES;
				CLANG_WARN_OBJC_ROOT_CLASS = YES_ERROR;
				CLANG_WARN_QUOTED_INCLUDE_IN_FRAMEWORK_HEADER = YES;
				CLANG_WARN_RANGE_LOOP_ANALYSIS = YES;
				CLANG_WARN_STRICT_PROTOTYPES = YES;
				CLANG_WARN_SUSPICIOUS_MOVE = YES;
				CLANG_WARN_UNGUARDED_AVAILABILITY = YES_AGGRESSIVE;
				CLANG_WARN_UNREACHABLE_CODE = YES;
				CLANG_WARN__DUPLICATE_METHOD_MATCH = YES;
				COPY_PHASE_STRIP = NO;
				DEBUG_INFORMATION_FORMAT = "dwarf-with-dsym";
				ENABLE_NS_ASSERTIONS = NO;
				ENABLE_STRICT_OBJC_MSGSEND = YES;
				GCC_C_LANGUAGE_STANDARD = gnu11;
				GCC_NO_COMMON_BLOCKS = YES;
				GCC_WARN_64_TO_32_BIT_CONVERSION = YES;
				GCC_WARN_ABOUT_RETURN_TYPE = YES_ERROR;
				GCC_WARN_UNDECLARED_SELECTOR = YES;
				GCC_WARN_UNINITIALIZED_AUTOS = YES_AGGRESSIVE;
				GCC_WARN_UNUSED_FUNCTION = YES;
				GCC_WARN_UNUSED_VARIABLE = YES;
				IPHONEOS_DEPLOYMENT_TARGET = 16.4;
				MTL_ENABLE_DEBUG_INFO = NO;
				MTL_FAST_MATH = YES;
				SDKROOT = iphoneos;
				SWIFT_COMPILATION_MODE = wholemodule;
				SWIFT_OPTIMIZATION_LEVEL = "-O";
				VALIDATE_PRODUCT = YES;
			};
			name = Release;
		};
		E371D4422AB8C75000FD59D1 /* Debug */ = {
			isa = XCBuildConfiguration;
			buildSettings = {
				ASSETCATALOG_COMPILER_APPICON_NAME = AppIcon;
				ASSETCATALOG_COMPILER_GLOBAL_ACCENT_COLOR_NAME = AccentColor;
				CODE_SIGN_STYLE = Automatic;
				CURRENT_PROJECT_VERSION = 1;
				GENERATE_INFOPLIST_FILE = YES;
				INFOPLIST_FILE = Countries/App/Info.plist;
				INFOPLIST_KEY_UIApplicationSupportsIndirectInputEvents = YES;
				INFOPLIST_KEY_UILaunchStoryboardName = LaunchScreen;
				INFOPLIST_KEY_UIMainStoryboardFile = Main;
				INFOPLIST_KEY_UISupportedInterfaceOrientations = UIInterfaceOrientationPortrait;
				INFOPLIST_KEY_UISupportedInterfaceOrientations_iPad = "UIInterfaceOrientationLandscapeLeft UIInterfaceOrientationLandscapeRight UIInterfaceOrientationPortrait UIInterfaceOrientationPortraitUpsideDown";
				LD_RUNPATH_SEARCH_PATHS = (
					"$(inherited)",
					"@executable_path/Frameworks",
				);
				MARKETING_VERSION = 1.0;
				PRODUCT_BUNDLE_IDENTIFIER = me.osipov.dobrynia.Countries;
				PRODUCT_NAME = "$(TARGET_NAME)";
				SUPPORTED_PLATFORMS = "iphoneos iphonesimulator";
				SUPPORTS_MACCATALYST = NO;
				SUPPORTS_MAC_DESIGNED_FOR_IPHONE_IPAD = NO;
				SWIFT_EMIT_LOC_STRINGS = YES;
				SWIFT_VERSION = 5.0;
				TARGETED_DEVICE_FAMILY = 1;
			};
			name = Debug;
		};
		E371D4432AB8C75000FD59D1 /* Release */ = {
			isa = XCBuildConfiguration;
			buildSettings = {
				ASSETCATALOG_COMPILER_APPICON_NAME = AppIcon;
				ASSETCATALOG_COMPILER_GLOBAL_ACCENT_COLOR_NAME = AccentColor;
				CODE_SIGN_STYLE = Automatic;
				CURRENT_PROJECT_VERSION = 1;
				GENERATE_INFOPLIST_FILE = YES;
				INFOPLIST_FILE = Countries/App/Info.plist;
				INFOPLIST_KEY_UIApplicationSupportsIndirectInputEvents = YES;
				INFOPLIST_KEY_UILaunchStoryboardName = LaunchScreen;
				INFOPLIST_KEY_UIMainStoryboardFile = Main;
				INFOPLIST_KEY_UISupportedInterfaceOrientations = UIInterfaceOrientationPortrait;
				INFOPLIST_KEY_UISupportedInterfaceOrientations_iPad = "UIInterfaceOrientationLandscapeLeft UIInterfaceOrientationLandscapeRight UIInterfaceOrientationPortrait UIInterfaceOrientationPortraitUpsideDown";
				LD_RUNPATH_SEARCH_PATHS = (
					"$(inherited)",
					"@executable_path/Frameworks",
				);
				MARKETING_VERSION = 1.0;
				PRODUCT_BUNDLE_IDENTIFIER = me.osipov.dobrynia.Countries;
				PRODUCT_NAME = "$(TARGET_NAME)";
				SUPPORTED_PLATFORMS = "iphoneos iphonesimulator";
				SUPPORTS_MACCATALYST = NO;
				SUPPORTS_MAC_DESIGNED_FOR_IPHONE_IPAD = NO;
				SWIFT_EMIT_LOC_STRINGS = YES;
				SWIFT_VERSION = 5.0;
				TARGETED_DEVICE_FAMILY = 1;
			};
			name = Release;
		};
/* End XCBuildConfiguration section */

/* Begin XCConfigurationList section */
		E371D4282AB8C74E00FD59D1 /* Build configuration list for PBXProject "Countries" */ = {
			isa = XCConfigurationList;
			buildConfigurations = (
				E371D43F2AB8C75000FD59D1 /* Debug */,
				E371D4402AB8C75000FD59D1 /* Release */,
			);
			defaultConfigurationIsVisible = 0;
			defaultConfigurationName = Release;
		};
		E371D4412AB8C75000FD59D1 /* Build configuration list for PBXNativeTarget "Countries" */ = {
			isa = XCConfigurationList;
			buildConfigurations = (
				E371D4422AB8C75000FD59D1 /* Debug */,
				E371D4432AB8C75000FD59D1 /* Release */,
			);
			defaultConfigurationIsVisible = 0;
			defaultConfigurationName = Release;
		};
/* End XCConfigurationList section */

/* Begin XCRemoteSwiftPackageReference section */
		E371D4502AB8CC7600FD59D1 /* XCRemoteSwiftPackageReference "Alamofire" */ = {
			isa = XCRemoteSwiftPackageReference;
			repositoryURL = "https://github.com/Alamofire/Alamofire.git";
			requirement = {
				kind = exactVersion;
				version = 5.0.0;
			};
		};
		E371D4532AB8CC8700FD59D1 /* XCRemoteSwiftPackageReference "Kingfisher" */ = {
			isa = XCRemoteSwiftPackageReference;
			repositoryURL = "https://github.com/onevcat/Kingfisher.git";
			requirement = {
				kind = upToNextMajorVersion;
				minimumVersion = 7.0.0;
			};
		};
/* End XCRemoteSwiftPackageReference section */

/* Begin XCSwiftPackageProductDependency section */
		E371D4512AB8CC7600FD59D1 /* Alamofire */ = {
			isa = XCSwiftPackageProductDependency;
			package = E371D4502AB8CC7600FD59D1 /* XCRemoteSwiftPackageReference "Alamofire" */;
			productName = Alamofire;
		};
		E371D4542AB8CC8700FD59D1 /* Kingfisher */ = {
			isa = XCSwiftPackageProductDependency;
			package = E371D4532AB8CC8700FD59D1 /* XCRemoteSwiftPackageReference "Kingfisher" */;
			productName = Kingfisher;
		};
/* End XCSwiftPackageProductDependency section */
	};
	rootObject = E371D4252AB8C74E00FD59D1 /* Project object */;
}
